# This file is automatically @generated by Cargo.
# It is not intended for manual editing.
version = 4

[[package]]
name = "autocfg"
version = "1.1.0"
source = "registry+https://github.com/rust-lang/crates.io-index"
checksum = "d468802bab17cbc0cc575e9b053f41e72aa36bfa6b7f55e3529ffa43161b97fa"

[[package]]
name = "base16ct"
version = "0.2.0"
source = "registry+https://github.com/rust-lang/crates.io-index"
checksum = "4c7f02d4ea65f2c1853089ffd8d2787bdbc63de2f0d29dedbcf8ccdfa0ccd4cf"

[[package]]
name = "base16ct"
version = "0.3.0"
source = "registry+https://github.com/rust-lang/crates.io-index"
checksum = "d8b59d472eab27ade8d770dcb11da7201c11234bef9f82ce7aa517be028d462b"

[[package]]
name = "base64ct"
version = "1.8.0"
source = "registry+https://github.com/rust-lang/crates.io-index"
checksum = "55248b47b0caf0546f7988906588779981c43bb1bc9d0c44087278f80cdb44ba"

[[package]]
name = "block-buffer"
version = "0.11.0-rc.5"
source = "registry+https://github.com/rust-lang/crates.io-index"
checksum = "e9ef36a6fcdb072aa548f3da057640ec10859eb4e91ddf526ee648d50c76a949"
dependencies = [
 "hybrid-array",
]

[[package]]
name = "cfg-if"
version = "1.0.0"
source = "registry+https://github.com/rust-lang/crates.io-index"
checksum = "baf1de4339761588bc0619e3cbc0120ee582ebb74b53b4efbf79117bd2da40fd"

[[package]]
name = "const-oid"
version = "0.10.1"
source = "registry+https://github.com/rust-lang/crates.io-index"
checksum = "0dabb6555f92fb9ee4140454eb5dcd14c7960e1225c6d1a6cc361f032947713e"

[[package]]
name = "cpufeatures"
version = "0.2.17"
source = "registry+https://github.com/rust-lang/crates.io-index"
checksum = "59ed5838eebb26a2bb2e58f6d5b5316989ae9d08bab10e0e6d103e656d1b0280"
dependencies = [
 "libc",
]

[[package]]
name = "crypto-bigint"
version = "0.7.0-rc.4"
source = "registry+https://github.com/rust-lang/crates.io-index"
checksum = "7c069823f41bdc75e99546bfd59eb1ed27d69dc720e5c949fe502b82926f8448"
dependencies = [
 "hybrid-array",
 "num-traits",
 "rand_core",
 "serdect 0.4.1",
 "subtle",
 "zeroize",
]

[[package]]
name = "crypto-common"
version = "0.2.0-rc.4"
source = "registry+https://github.com/rust-lang/crates.io-index"
checksum = "6a8235645834fbc6832939736ce2f2d08192652269e11010a6240f61b908a1c6"
dependencies = [
 "hybrid-array",
]

[[package]]
name = "crypto-primes"
version = "0.7.0-pre.1"
source = "registry+https://github.com/rust-lang/crates.io-index"
checksum = "ae744b9f528151f8c440cf67498f24d2d1ac0ab536b5ce7b1f87a7a5961bd1c1"
dependencies = [
 "crypto-bigint",
 "libm",
 "rand_core",
]

[[package]]
name = "der"
version = "0.8.0-rc.8"
source = "registry+https://github.com/rust-lang/crates.io-index"
checksum = "7050e8041c28720851f7db83183195b6acf375bb7bb28e3b86f0fe6cbd69459d"
dependencies = [
 "const-oid",
 "pem-rfc7468",
 "zeroize",
]

[[package]]
name = "digest"
version = "0.11.0-rc.1"
source = "registry+https://github.com/rust-lang/crates.io-index"
checksum = "3a4aae35a0fcbe22ff1be50fe96df72002d5a4a6fb4aae9193cf2da0daa36da2"
dependencies = [
 "block-buffer",
 "const-oid",
 "crypto-common",
]

[[package]]
name = "elliptic-curve"
version = "0.14.0-rc.13"
source = "registry+https://github.com/rust-lang/crates.io-index"
checksum = "3b95fd42abd85018a59f5dbe05551e9eed19edfd1182a415cd98f90ca5af1422"
dependencies = [
 "base16ct 0.3.0",
 "crypto-bigint",
 "digest",
 "ff",
 "group",
 "hex-literal",
 "hybrid-array",
 "pem-rfc7468",
 "pkcs8",
 "rand_core",
 "sec1",
 "subtle",
 "zeroize",
]

[[package]]
name = "ff"
version = "0.14.0-pre.0"
source = "registry+https://github.com/rust-lang/crates.io-index"
checksum = "d42dd26f5790eda47c1a2158ea4120e32c35ddc9a7743c98a292accc01b54ef3"
dependencies = [
 "rand_core",
 "subtle",
]

[[package]]
name = "form_urlencoded"
version = "1.2.0"
source = "registry+https://github.com/rust-lang/crates.io-index"
checksum = "a62bc1cf6f830c2ec14a513a9fb124d0a213a629668a4186f329db21fe045652"
dependencies = [
 "percent-encoding",
]

[[package]]
name = "group"
version = "0.14.0-pre.0"
source = "registry+https://github.com/rust-lang/crates.io-index"
checksum = "1ff6a0b2dd4b981b1ae9e3e6830ab146771f3660d31d57bafd9018805a91b0f1"
dependencies = [
 "ff",
 "rand_core",
 "subtle",
]

[[package]]
name = "hex-literal"
version = "1.0.0"
source = "registry+https://github.com/rust-lang/crates.io-index"
checksum = "bcaaec4551594c969335c98c903c1397853d4198408ea609190f420500f6be71"

[[package]]
name = "hybrid-array"
version = "0.4.0"
source = "registry+https://github.com/rust-lang/crates.io-index"
checksum = "6fe39a812f039072707ce38020acbab2f769087952eddd9e2b890f37654b2349"
dependencies = [
 "typenum",
 "zeroize",
]

[[package]]
name = "idna"
version = "0.4.0"
source = "registry+https://github.com/rust-lang/crates.io-index"
checksum = "7d20d6b07bfbc108882d88ed8e37d39636dcc260e15e30c45e6ba089610b917c"
dependencies = [
 "unicode-bidi",
 "unicode-normalization",
]

[[package]]
name = "itoa"
version = "1.0.9"
source = "registry+https://github.com/rust-lang/crates.io-index"
checksum = "af150ab688ff2122fcef229be89cb50dd66af9e01a4ff320cc137eecc9bacc38"

[[package]]
name = "jose-b64"
version = "0.2.0-pre"
dependencies = [
 "base64ct",
 "serde",
 "serde_json",
 "subtle",
 "zeroize",
]

[[package]]
name = "jose-jkt"
version = "0.1.0"
dependencies = [
 "jose-b64",
 "jose-jwk",
 "serde",
 "sha2",
]

[[package]]
name = "jose-jwa"
version = "0.2.0-pre"
dependencies = [
 "serde",
 "serde_json",
]

[[package]]
name = "jose-jwe"
version = "0.1.0-pre"

[[package]]
name = "jose-jwk"
version = "0.2.0-pre"
dependencies = [
 "base64ct",
 "elliptic-curve",
 "jose-b64",
 "jose-jwa",
 "k256",
 "p256",
 "p384",
 "p521",
 "rsa",
 "serde",
 "serde_json",
 "serdect 0.2.0",
 "subtle",
 "url",
 "zeroize",
]

[[package]]
name = "jose-jws"
version = "0.2.0-pre"
dependencies = [
 "jose-b64",
 "jose-jwa",
 "jose-jwk",
 "rand_core",
 "serde",
 "serde_json",
]

[[package]]
name = "jose-jwt"
version = "0.1.0-pre"

[[package]]
name = "k256"
version = "0.14.0-pre.9"
source = "git+https://github.com/RustCrypto/elliptic-curves.git#aba09809dd4e0c4f591ffa7285c77165f8e509bd"
dependencies = [
 "cfg-if",
 "elliptic-curve",
]

[[package]]
name = "libc"
version = "0.2.176"
source = "registry+https://github.com/rust-lang/crates.io-index"
checksum = "58f929b4d672ea937a23a1ab494143d968337a5f47e56d0815df1e0890ddf174"

[[package]]
name = "libm"
version = "0.2.15"
source = "registry+https://github.com/rust-lang/crates.io-index"
checksum = "f9fbbcab51052fe104eb5e5d351cf728d30a5be1fe14d9be8a3b097481fb97de"

[[package]]
name = "memchr"
version = "2.7.5"
source = "registry+https://github.com/rust-lang/crates.io-index"
checksum = "32a282da65faaf38286cf3be983213fcf1d2e2a58700e808f83f4ea9a4804bc0"

[[package]]
name = "num-traits"
version = "0.2.19"
source = "registry+https://github.com/rust-lang/crates.io-index"
checksum = "071dfc062690e90b734c0b2273ce72ad0ffa95f0c74596bc250dcfd960262841"
dependencies = [
 "autocfg",
]

[[package]]
name = "p256"
version = "0.14.0-pre.9"
source = "git+https://github.com/RustCrypto/elliptic-curves.git#aba09809dd4e0c4f591ffa7285c77165f8e509bd"
dependencies = [
 "elliptic-curve",
 "primefield",
 "primeorder",
]

[[package]]
name = "p384"
version = "0.14.0-pre.9"
source = "git+https://github.com/RustCrypto/elliptic-curves.git#aba09809dd4e0c4f591ffa7285c77165f8e509bd"
dependencies = [
 "elliptic-curve",
 "primefield",
 "primeorder",
]

[[package]]
name = "p521"
version = "0.14.0-pre.9"
source = "git+https://github.com/RustCrypto/elliptic-curves.git#aba09809dd4e0c4f591ffa7285c77165f8e509bd"
dependencies = [
 "base16ct 0.2.0",
 "elliptic-curve",
 "primefield",
 "primeorder",
]

[[package]]
name = "pem-rfc7468"
version = "1.0.0-rc.3"
source = "registry+https://github.com/rust-lang/crates.io-index"
checksum = "a8e58fab693c712c0d4e88f8eb3087b6521d060bcaf76aeb20cb192d809115ba"
dependencies = [
 "base64ct",
]

[[package]]
name = "percent-encoding"
version = "2.3.0"
source = "registry+https://github.com/rust-lang/crates.io-index"
checksum = "9b2a4787296e9989611394c33f193f676704af1686e70b8f8033ab5ba9a35a94"

[[package]]
name = "pkcs8"
version = "0.11.0-rc.6"
source = "registry+https://github.com/rust-lang/crates.io-index"
checksum = "c53e5d0804fa4070b1b2a5b320102f2c1c094920a7533d5d87c2630609bcbd34"
dependencies = [
 "der",
 "spki",
]

[[package]]
name = "primefield"
version = "0.14.0-pre.4"
source = "git+https://github.com/RustCrypto/elliptic-curves.git#aba09809dd4e0c4f591ffa7285c77165f8e509bd"
dependencies = [
 "crypto-bigint",
 "ff",
 "rand_core",
 "subtle",
 "zeroize",
]

[[package]]
name = "primeorder"
version = "0.14.0-pre.7"
source = "registry+https://github.com/rust-lang/crates.io-index"
checksum = "af12dd34fc62d04416de85af032f4595369437fb7b0143d36ae60cecaf5cdddf"
dependencies = [
 "elliptic-curve",
]

[[package]]
name = "proc-macro2"
version = "1.0.101"
source = "registry+https://github.com/rust-lang/crates.io-index"
checksum = "89ae43fd86e4158d6db51ad8e2b80f313af9cc74f5c0e03ccb87de09998732de"
dependencies = [
 "unicode-ident",
]

[[package]]
name = "quote"
version = "1.0.40"
source = "registry+https://github.com/rust-lang/crates.io-index"
checksum = "1885c039570dc00dcb4ff087a89e185fd56bae234ddc7f056a945bf36467248d"
dependencies = [
 "proc-macro2",
]

[[package]]
name = "rand_core"
version = "0.9.3"
source = "registry+https://github.com/rust-lang/crates.io-index"
checksum = "99d9a13982dcf210057a8a78572b2217b667c3beacbf3a0d8b454f6f82837d38"

[[package]]
name = "rsa"
version = "0.10.0-rc.6"
source = "registry+https://github.com/rust-lang/crates.io-index"
checksum = "12c09fc7922fb8b7de31cc809df908e30e0ed46eb33046c6e1e438ef8ec3466b"
dependencies = [
 "const-oid",
 "crypto-bigint",
 "crypto-primes",
 "digest",
 "rand_core",
 "signature",
 "subtle",
 "zeroize",
]

[[package]]
name = "ryu"
version = "1.0.15"
source = "registry+https://github.com/rust-lang/crates.io-index"
checksum = "1ad4cc8da4ef723ed60bced201181d83791ad433213d8c24efffda1eec85d741"

[[package]]
name = "sec1"
version = "0.8.0-rc.9"
source = "registry+https://github.com/rust-lang/crates.io-index"
checksum = "f5e67a3c9fb9a8f065af9fa30d65812fcc16a66cbf911eff1f6946957ce48f16"
dependencies = [
 "base16ct 0.3.0",
 "der",
 "hybrid-array",
 "subtle",
 "zeroize",
]

[[package]]
name = "serde"
version = "1.0.219"
source = "registry+https://github.com/rust-lang/crates.io-index"
checksum = "5f0e2c6ed6606019b4e29e69dbaba95b11854410e5347d525002456dbbb786b6"
dependencies = [
 "serde_derive",
]

[[package]]
name = "serde_derive"
version = "1.0.219"
source = "registry+https://github.com/rust-lang/crates.io-index"
checksum = "5b0276cf7f2c73365f7157c8123c21cd9a50fbbd844757af28ca1f5925fc2a00"
dependencies = [
 "proc-macro2",
 "quote",
 "syn",
]

[[package]]
name = "serde_json"
version = "1.0.142"
source = "registry+https://github.com/rust-lang/crates.io-index"
checksum = "030fedb782600dcbd6f02d479bf0d817ac3bb40d644745b769d6a96bc3afc5a7"
dependencies = [
 "itoa",
 "memchr",
 "ryu",
 "serde",
]

[[package]]
name = "serdect"
version = "0.2.0"
source = "registry+https://github.com/rust-lang/crates.io-index"
checksum = "a84f14a19e9a014bb9f4512488d9829a68e04ecabffb0f9904cd1ace94598177"
dependencies = [
 "base16ct 0.2.0",
 "serde",
]

[[package]]
name = "serdect"
version = "0.4.1"
source = "registry+https://github.com/rust-lang/crates.io-index"
checksum = "d3ef0e35b322ddfaecbc60f34ab448e157e48531288ee49fafbb053696b8ffe2"
dependencies = [
 "base16ct 0.3.0",
 "serde",
]

[[package]]
name = "sha2"
version = "0.11.0-rc.2"
source = "registry+https://github.com/rust-lang/crates.io-index"
checksum = "d1e3878ab0f98e35b2df35fe53201d088299b41a6bb63e3e34dada2ac4abd924"
dependencies = [
 "cfg-if",
 "cpufeatures",
 "digest",
]

[[package]]
name = "signature"
version = "3.0.0-rc.3"
source = "registry+https://github.com/rust-lang/crates.io-index"
checksum = "39195ff4c0dc41c93e123825ca1f0d11b856df8b26d5fe140a522355632c4345"
dependencies = [
 "digest",
 "rand_core",
]

[[package]]
name = "spki"
version = "0.8.0-rc.4"
source = "registry+https://github.com/rust-lang/crates.io-index"
checksum = "8baeff88f34ed0691978ec34440140e1572b68c7dd4a495fd14a3dc1944daa80"
dependencies = [
 "base64ct",
 "der",
]

[[package]]
name = "subtle"
version = "2.6.1"
source = "registry+https://github.com/rust-lang/crates.io-index"
checksum = "13c2bddecc57b384dee18652358fb23172facb8a2c51ccc10d74c157bdea3292"

[[package]]
name = "syn"
version = "2.0.106"
source = "registry+https://github.com/rust-lang/crates.io-index"
checksum = "ede7c438028d4436d71104916910f5bb611972c5cfd7f89b8300a8186e6fada6"
dependencies = [
 "proc-macro2",
 "quote",
 "unicode-ident",
]

[[package]]
name = "tinyvec"
version = "1.6.0"
source = "registry+https://github.com/rust-lang/crates.io-index"
checksum = "87cc5ceb3875bb20c2890005a4e226a4651264a5c75edb2421b52861a0a0cb50"
dependencies = [
 "tinyvec_macros",
]

[[package]]
name = "tinyvec_macros"
version = "0.1.1"
source = "registry+https://github.com/rust-lang/crates.io-index"
checksum = "1f3ccbac311fea05f86f61904b462b55fb3df8837a366dfc601a0161d0532f20"

[[package]]
name = "typenum"
version = "1.18.0"
source = "registry+https://github.com/rust-lang/crates.io-index"
checksum = "1dccffe3ce07af9386bfd29e80c0ab1a8205a2fc34e4bcd40364df902cfa8f3f"

[[package]]
name = "unicode-bidi"
version = "0.3.13"
source = "registry+https://github.com/rust-lang/crates.io-index"
checksum = "92888ba5573ff080736b3648696b70cafad7d250551175acbaa4e0385b3e1460"

[[package]]
name = "unicode-ident"
version = "1.0.11"
source = "registry+https://github.com/rust-lang/crates.io-index"
checksum = "301abaae475aa91687eb82514b328ab47a211a533026cb25fc3e519b86adfc3c"

[[package]]
name = "unicode-normalization"
version = "0.1.22"
source = "registry+https://github.com/rust-lang/crates.io-index"
checksum = "5c5713f0fc4b5db668a2ac63cdb7bb4469d8c9fed047b1d0292cc7b0ce2ba921"
dependencies = [
 "tinyvec",
]

[[package]]
name = "url"
version = "2.4.1"
source = "registry+https://github.com/rust-lang/crates.io-index"
checksum = "143b538f18257fac9cad154828a57c6bf5157e1aa604d4816b5995bf6de87ae5"
dependencies = [
 "form_urlencoded",
 "idna",
 "percent-encoding",
 "serde",
]

[[package]]
name = "zeroize"
version = "1.8.1"
source = "registry+https://github.com/rust-lang/crates.io-index"
checksum = "ced3678a2879b30306d323f4542626697a464a97c0a07c9aebf7ebca65cd4dde"
dependencies = [
 "serde",
]
